
Microsoft Visual Studio Solution File, Format Version 12.00
# Visual Studio Version 17
VisualStudioVersion = 17.0.31903.59
MinimumVisualStudioVersion = 10.0.40219.1
Project("{2150E333-8FDC-42A3-9474-1A3956D46DE8}") = "src", "src", "{827E0CD3-B72D-47B6-A68D-7590B98EB39B}"
EndProject
Project("{FAE04EC0-301F-11D3-BF4B-00C04F79EFBC}") = "OpenQuickHost", "src\OpenQuickHost\OpenQuickHost.csproj", "{70291FAC-9143-4D08-AC3F-97342034F310}"
EndProject
Project("{FAE04EC0-301F-11D3-BF4B-00C04F79EFBC}") = "Yanzi.Shared", "src\Yanzi.Shared\Yanzi.Shared.csproj", "{5AAAA054-C295-4FD4-A9C5-305570DD75C9}"
EndProject
Project("{FAE04EC0-301F-11D3-BF4B-00C04F79EFBC}") = "Yanzi.Platform.Mac", "src\Yanzi.Platform.Mac\Yanzi.Platform.Mac.csproj", "{A373F1D8-9963-4617-AD09-8734C35F1BF4}"
EndProject
Project("{FAE04EC0-301F-11D3-BF4B-00C04F79EFBC}") = "Yanzi.Avalonia", "src\Yanzi.Avalonia\Yanzi.Avalonia.csproj", "{B0F0C0F2-DB34-4E72-88DE-5A8E12219CFB}"
EndProject
Global
	GlobalSection(SolutionConfigurationPlatforms) = preSolution
		Debug|Any CPU = Debug|Any CPU
		Debug|x64 = Debug|x64
		Debug|x86 = Debug|x86
		Release|Any CPU = Release|Any CPU
		Release|x64 = Release|x64
		Release|x86 = Release|x86
	EndGlobalSection
	GlobalSection(ProjectConfigurationPlatforms) = postSolution
		{70291FAC-9143-4D08-AC3F-97342034F310}.Debug|Any CPU.ActiveCfg = Debug|Any CPU
		{70291FAC-9143-4D08-AC3F-97342034F310}.Debug|Any CPU.Build.0 = Debug|Any CPU
		{70291FAC-9143-4D08-AC3F-97342034F310}.Debug|x64.ActiveCfg = Debug|Any CPU
		{70291FAC-9143-4D08-AC3F-97342034F310}.Debug|x64.Build.0 = Debug|Any CPU
		{70291FAC-9143-4D08-AC3F-97342034F310}.Debug|x86.ActiveCfg = Debug|Any CPU
		{70291FAC-9143-4D08-AC3F-97342034F310}.Debug|x86.Build.0 = Debug|Any CPU
		{70291FAC-9143-4D08-AC3F-97342034F310}.Release|Any CPU.ActiveCfg = Release|Any CPU
		{70291FAC-9143-4D08-AC3F-97342034F310}.Release|Any CPU.Build.0 = Release|Any CPU
		{70291FAC-9143-4D08-AC3F-97342034F310}.Release|x64.ActiveCfg = Release|Any CPU
		{70291FAC-9143-4D08-AC3F-97342034F310}.Release|x64.Build.0 = Release|Any CPU
		{70291FAC-9143-4D08-AC3F-97342034F310}.Release|x86.ActiveCfg = Release|Any CPU
		{70291FAC-9143-4D08-AC3F-97342034F310}.Release|x86.Build.0 = Release|Any CPU
		{5AAAA054-C295-4FD4-A9C5-305570DD75C9}.Debug|Any CPU.ActiveCfg = Debug|Any CPU
		{5AAAA054-C295-4FD4-A9C5-305570DD75C9}.Debug|Any CPU.Build.0 = Debug|Any CPU
		{5AAAA054-C295-4FD4-A9C5-305570DD75C9}.Debug|x64.ActiveCfg = Debug|Any CPU
		{5AAAA054-C295-4FD4-A9C5-305570DD75C9}.Debug|x64.Build.0 = Debug|Any CPU
		{5AAAA054-C295-4FD4-A9C5-305570DD75C9}.Debug|x86.ActiveCfg = Debug|Any CPU
		{5AAAA054-C295-4FD4-A9C5-305570DD75C9}.Debug|x86.Build.0 = Debug|Any CPU
		{5AAAA054-C295-4FD4-A9C5-305570DD75C9}.Release|Any CPU.ActiveCfg = Release|Any CPU
		{5AAAA054-C295-4FD4-A9C5-305570DD75C9}.Release|Any CPU.Build.0 = Release|Any CPU
		{5AAAA054-C295-4FD4-A9C5-305570DD75C9}.Release|x64.ActiveCfg = Release|Any CPU
		{5AAAA054-C295-4FD4-A9C5-305570DD75C9}.Release|x64.Build.0 = Release|Any CPU
		{5AAAA054-C295-4FD4-A9C5-305570DD75C9}.Release|x86.ActiveCfg = Release|Any CPU
		{5AAAA054-C295-4FD4-A9C5-305570DD75C9}.Release|x86.Build.0 = Release|Any CPU
		{A373F1D8-9963-4617-AD09-8734C35F1BF4}.Debug|Any CPU.ActiveCfg = Debug|Any CPU
		{A373F1D8-9963-4617-AD09-8734C35F1BF4}.Debug|Any CPU.Build.0 = Debug|Any CPU
		{A373F1D8-9963-4617-AD09-8734C35F1BF4}.Debug|x64.ActiveCfg = Debug|Any CPU
		{A373F1D8-9963-4617-AD09-8734C35F1BF4}.Debug|x64.Build.0 = Debug|Any CPU
		{A373F1D8-9963-4617-AD09-8734C35F1BF4}.Debug|x86.ActiveCfg = Debug|Any CPU
		{A373F1D8-9963-4617-AD09-8734C35F1BF4}.Debug|x86.Build.0 = Debug|Any CPU
		{A373F1D8-9963-4617-AD09-8734C35F1BF4}.Release|Any CPU.ActiveCfg = Release|Any CPU
		{A373F1D8-9963-4617-AD09-8734C35F1BF4}.Release|Any CPU.Build.0 = Release|Any CPU
		{A373F1D8-9963-4617-AD09-8734C35F1BF4}.Release|x64.ActiveCfg = Release|Any CPU
		{A373F1D8-9963-4617-AD09-8734C35F1BF4}.Release|x64.Build.0 = Release|Any CPU
		{A373F1D8-9963-4617-AD09-8734C35F1BF4}.Release|x86.ActiveCfg = Release|Any CPU
		{A373F1D8-9963-4617-AD09-8734C35F1BF4}.Release|x86.Build.0 = Release|Any CPU
		{B0F0C0F2-DB34-4E72-88DE-5A8E12219CFB}.Debug|Any CPU.ActiveCfg = Debug|Any CPU
		{B0F0C0F2-DB34-4E72-88DE-5A8E12219CFB}.Debug|Any CPU.Build.0 = Debug|Any CPU
		{B0F0C0F2-DB34-4E72-88DE-5A8E12219CFB}.Debug|x64.ActiveCfg = Debug|Any CPU
		{B0F0C0F2-DB34-4E72-88DE-5A8E12219CFB}.Debug|x64.Build.0 = Debug|Any CPU
		{B0F0C0F2-DB34-4E72-88DE-5A8E12219CFB}.Debug|x86.ActiveCfg = Debug|Any CPU
		{B0F0C0F2-DB34-4E72-88DE-5A8E12219CFB}.Debug|x86.Build.0 = Debug|Any CPU
		{B0F0C0F2-DB34-4E72-88DE-5A8E12219CFB}.Release|Any CPU.ActiveCfg = Release|Any CPU
		{B0F0C0F2-DB34-4E72-88DE-5A8E12219CFB}.Release|Any CPU.Build.0 = Release|Any CPU
		{B0F0C0F2-DB34-4E72-88DE-5A8E12219CFB}.Release|x64.ActiveCfg = Release|Any CPU
		{B0F0C0F2-DB34-4E72-88DE-5A8E12219CFB}.Release|x64.Build.0 = Release|Any CPU
		{B0F0C0F2-DB34-4E72-88DE-5A8E12219CFB}.Release|x86.ActiveCfg = Release|Any CPU
		{B0F0C0F2-DB34-4E72-88DE-5A8E12219CFB}.Release|x86.Build.0 = Release|Any CPU
	EndGlobalSection
	GlobalSection(SolutionProperties) = preSolution
		HideSolutionNode = FALSE
	EndGlobalSection
	GlobalSection(NestedProjects) = preSolution
		{70291FAC-9143-4D08-AC3F-97342034F310} = {827E0CD3-B72D-47B6-A68D-7590B98EB39B}
		{5AAAA054-C295-4FD4-A9C5-305570DD75C9} = {827E0CD3-B72D-47B6-A68D-7590B98EB39B}
		{A373F1D8-9963-4617-AD09-8734C35F1BF4} = {827E0CD3-B72D-47B6-A68D-7590B98EB39B}
		{B0F0C0F2-DB34-4E72-88DE-5A8E12219CFB} = {827E0CD3-B72D-47B6-A68D-7590B98EB39B}
	EndGlobalSection
EndGlobal
